// !$*UTF8*$!
{
	archiveVersion = 1;
	classes = {
	};
	objectVersion = 46;
	objects = {

/* Begin PBXBuildFile section */
		25D5997F1CB902BD007D9A7E /* main.m in Sources */ = {isa = PBXBuildFile; fileRef = 25D5997E1CB902BD007D9A7E /* main.m */; };
		25D599821CB902BD007D9A7E /* AppDelegate.m in Sources */ = {isa = PBXBuildFile; fileRef = 25D599811CB902BD007D9A7E /* AppDelegate.m */; };
		25D599851CB902BD007D9A7E /* ViewController.mm in Sources */ = {isa = PBXBuildFile; fileRef = 25D599841CB902BD007D9A7E /* ViewController.mm */; };
		25D599881CB902BD007D9A7E /* Main.storyboard in Resources */ = {isa = PBXBuildFile; fileRef = 25D599861CB902BD007D9A7E /* Main.storyboard */; };
		25D5998A1CB902BD007D9A7E /* Assets.xcassets in Resources */ = {isa = PBXBuildFile; fileRef = 25D599891CB902BD007D9A7E /* Assets.xcassets */; };
		25D5998D1CB902BD007D9A7E /* LaunchScreen.storyboard in Resources */ = {isa = PBXBuildFile; fileRef = 25D5998B1CB902BD007D9A7E /* LaunchScreen.storyboard */; };
		25D599A11CB92953007D9A7E /* View.m in Sources */ = {isa = PBXBuildFile; fileRef = 25D599A01CB92953007D9A7E /* View.m */; };
		25D599A81CB93C1C007D9A7E /* AAPLTransforms.mm in Sources */ = {isa = PBXBuildFile; fileRef = 25D599A71CB93C1C007D9A7E /* AAPLTransforms.mm */; };
		25D599AA1CB94970007D9A7E /* Shaders.metal in Sources */ = {isa = PBXBuildFile; fileRef = 25D599A91CB94970007D9A7E /* Shaders.metal */; };
/* End PBXBuildFile section */

/* Begin PBXFileReference section */
		25D5997A1CB902BD007D9A7E /* Metal_ScreenFillingTest.app */ = {isa = PBXFileReference; explicitFileType = wrapper.application; includeInIndex = 0; path = Metal_ScreenFillingTest.app; sourceTree = BUILT_PRODUCTS_DIR; };
		25D5997E1CB902BD007D9A7E /* main.m */ = {isa = PBXFileReference; lastKnownFileType = sourcecode.c.objc; path = main.m; sourceTree = "<group>"; };
		25D599801CB902BD007D9A7E /* AppDelegate.h */ = {isa = PBXFileReference; lastKnownFileType = sourcecode.c.h; path = AppDelegate.h; sourceTree = "<group>"; };
		25D599811CB902BD007D9A7E /* AppDelegate.m */ = {isa = PBXFileReference; lastKnownFileType = sourcecode.c.objc; path = AppDelegate.m; sourceTree = "<group>"; };
		25D599831CB902BD007D9A7E /* ViewController.h */ = {isa = PBXFileReference; lastKnownFileType = sourcecode.c.h; path = ViewController.h; sourceTree = "<group>"; };
		25D599841CB902BD007D9A7E /* ViewController.mm */ = {isa = PBXFileReference; lastKnownFileType = sourcecode.cpp.objcpp; path = ViewController.mm; sourceTree = "<group>"; };
		25D599871CB902BD007D9A7E /* Base */ = {isa = PBXFileReference; lastKnownFileType = file.storyboard; name = Base; path = Base.lproj/Main.storyboard; sourceTree = "<group>"; };
		25D599891CB902BD007D9A7E /* Assets.xcassets */ = {isa = PBXFileReference; lastKnownFileType = folder.assetcatalog; path = Assets.xcassets; sourceTree = "<group>"; };
		25D5998C1CB902BD007D9A7E /* Base */ = {isa = PBXFileReference; lastKnownFileType = file.storyboard; name = Base; path = Base.lproj/LaunchScreen.storyboard; sourceTree = "<group>"; };
		25D5998E1CB902BD007D9A7E /* Info.plist */ = {isa = PBXFileReference; lastKnownFileType = text.plist.xml; path = Info.plist; sourceTree = "<group>"; };
		25D5999F1CB92953007D9A7E /* View.h */ = {isa = PBXFileReference; fileEncoding = 4; lastKnownFileType = sourcecode.c.h; path = View.h; sourceTree = "<group>"; };
		25D599A01CB92953007D9A7E /* View.m */ = {isa = PBXFileReference; fileEncoding = 4; lastKnownFileType = sourcecode.c.objc; path = View.m; sourceTree = "<group>"; };
		25D599A61CB93C1C007D9A7E /* AAPLTransforms.h */ = {isa = PBXFileReference; fileEncoding = 4; lastKnownFileType = sourcecode.c.h; path = AAPLTransforms.h; sourceTree = "<group>"; };
		25D599A71CB93C1C007D9A7E /* AAPLTransforms.mm */ = {isa = PBXFileReference; fileEncoding = 4; lastKnownFileType = sourcecode.cpp.objcpp; path = AAPLTransforms.mm; sourceTree = "<group>"; };
		25D599A91CB94970007D9A7E /* Shaders.metal */ = {isa = PBXFileReference; fileEncoding = 4; lastKnownFileType = sourcecode.metal; path = Shaders.metal; sourceTree = "<group>"; };
/* End PBXFileReference section */

/* Begin PBXFrameworksBuildPhase section */
		25D599771CB902BD007D9A7E /* Frameworks */ = {
			isa = PBXFrameworksBuildPhase;
			buildActionMask = 2147483647;
			files = (
			);
			runOnlyForDeploymentPostprocessing = 0;
		};
/* End PBXFrameworksBuildPhase section */

/* Begin PBXGroup section */
		25D599711CB902BD007D9A7E = {
			isa = PBXGroup;
			children = (
				25D5997C1CB902BD007D9A7E /* Metal_ScreenFillingTest */,
				25D5997B1CB902BD007D9A7E /* Products */,
			);
			sourceTree = "<group>";
		};
		25D5997B1CB902BD007D9A7E /* Products */ = {
			isa = PBXGroup;
			children = (
				25D5997A1CB902BD007D9A7E /* Metal_ScreenFillingTest.app */,
			);
			name = Products;
			sourceTree = "<group>";
		};
		25D5997C1CB902BD007D9A7E /* Metal_ScreenFillingTest */ = {
			isa = PBXGroup;
			children = (
				25D599A61CB93C1C007D9A7E /* AAPLTransforms.h */,
				25D599A71CB93C1C007D9A7E /* AAPLTransforms.mm */,
				25D599831CB902BD007D9A7E /* ViewController.h */,
				25D599841CB902BD007D9A7E /* ViewController.mm */,
				25D5999F1CB92953007D9A7E /* View.h */,
				25D599A01CB92953007D9A7E /* View.m */,
				25D599A91CB94970007D9A7E /* Shaders.metal */,
				25D5997D1CB902BD007D9A7E /* Supporting Files */,
			);
			path = Metal_ScreenFillingTest;
			sourceTree = "<group>";
		};
		25D5997D1CB902BD007D9A7E /* Supporting Files */ = {
			isa = PBXGroup;
			children = (
				25D599801CB902BD007D9A7E /* AppDelegate.h */,
				25D599811CB902BD007D9A7E /* AppDelegate.m */,
				25D599861CB902BD007D9A7E /* Main.storyboard */,
				25D599891CB902BD007D9A7E /* Assets.xcassets */,
				25D5998B1CB902BD007D9A7E /* LaunchScreen.storyboard */,
				25D5998E1CB902BD007D9A7E /* Info.plist */,
				25D5997E1CB902BD007D9A7E /* main.m */,
			);
			name = "Supporting Files";
			sourceTree = "<group>";
		};
/* End PBXGroup section */

/* Begin PBXNativeTarget section */
		25D599791CB902BD007D9A7E /* Metal_ScreenFillingTest */ = {
			isa = PBXNativeTarget;
			buildConfigurationList = 25D599911CB902BD007D9A7E /* Build configuration list for PBXNativeTarget "Metal_ScreenFillingTest" */;
			buildPhases = (
				25D599761CB902BD007D9A7E /* Sources */,
				25D599771CB902BD007D9A7E /* Frameworks */,
				25D599781CB902BD007D9A7E /* Resources */,
			);
			buildRules = (
			);
			dependencies = (
			);
			name = Metal_ScreenFillingTest;
			productName = Metal_ScreenFillingTest;
			productReference = 25D5997A1CB902BD007D9A7E /* Metal_ScreenFillingTest.app */;
			productType = "com.apple.product-type.application";
		};
/* End PBXNativeTarget section */

/* Begin PBXProject section */
		25D599721CB902BD007D9A7E /* Project object */ = {
			isa = PBXProject;
			attributes = {
				LastUpgradeCheck = 0730;
				ORGANIZATIONNAME = ran;
				TargetAttributes = {
					25D599791CB902BD007D9A7E = {
						CreatedOnToolsVersion = 7.3;
						DevelopmentTeam = U52NXQ6R43;
					};
				};
			};
			buildConfigurationList = 25D599751CB902BD007D9A7E /* Build configuration list for PBXProject "Metal_ScreenFillingTest" */;
			compatibilityVersion = "Xcode 3.2";
			developmentRegion = English;
			hasScannedForEncodings = 0;
			knownRegions = (
				en,
				Base,
			);
			mainGroup = 25D599711CB902BD007D9A7E;
			productRefGroup = 25D5997B1CB902BD007D9A7E /* Products */;
			projectDirPath = "";
			projectRoot = "";
			targets = (
				25D599791CB902BD007D9A7E /* Metal_ScreenFillingTest */,
			);
		};
/* End PBXProject section */

/* Begin PBXResourcesBuildPhase section */
		25D599781CB902BD007D9A7E /* Resources */ = {
			isa = PBXResourcesBuildPhase;
			buildActionMask = 2147483647;
			files = (
				25D5998D1CB902BD007D9A7E /* LaunchScreen.storyboard in Resources */,
				25D5998A1CB902BD007D9A7E /* Assets.xcassets in Resources */,
				25D599881CB902BD007D9A7E /* Main.storyboard in Resources */,
			);
			runOnlyForDeploymentPostprocessing = 0;
		};
/* End PBXResourcesBuildPhase section */

/* Begin PBXSourcesBuildPhase section */
		25D599761CB902BD007D9A7E /* Sources */ = {
			isa = PBXSourcesBuildPhase;
			buildActionMask = 2147483647;
			files = (
				25D599AA1CB94970007D9A7E /* Shaders.metal in Sources */,
				25D599A11CB92953007D9A7E /* View.m in Sources */,
				25D599A81CB93C1C007D9A7E /* AAPLTransforms.mm in Sources */,
				25D599851CB902BD007D9A7E /* ViewController.mm in Sources */,
				25D599821CB902BD007D9A7E /* AppDelegate.m in Sources */,
				25D5997F1CB902BD007D9A7E /* main.m in Sources */,
			);
			runOnlyForDeploymentPostprocessing = 0;
		};
/* End PBXSourcesBuildPhase section */

/* Begin PBXVariantGroup section */
		25D599861CB902BD007D9A7E /* Main.storyboard */ = {
			isa = PBXVariantGroup;
			children = (
				25D599871CB902BD007D9A7E /* Base */,
			);
			name = Main.storyboard;
			sourceTree = "<group>";
		};
		25D5998B1CB902BD007D9A7E /* LaunchScreen.storyboard */ = {
			isa = PBXVariantGroup;
			children = (
				25D5998C1CB902BD007D9A7E /* Base */,
			);
			name = LaunchScreen.storyboard;
			sourceTree = "<group>";
		};
/* End PBXVariantGroup section */

/* Begin XCBuildConfiguration section */
		25D5998F1CB902BD007D9A7E /* Debug */ = {
			isa = XCBuildConfiguration;
			buildSettings = {
				ALWAYS_SEARCH_USER_PATHS = NO;
				CLANG_ANALYZER_NONNULL = YES;
				CLANG_CXX_LANGUAGE_STANDARD = "gnu++0x";
				CLANG_CXX_LIBRARY = "libc++";
				CLANG_ENABLE_MODULES = YES;
				CLANG_ENABLE_OBJC_ARC = YES;
				CLANG_WARN_BOOL_CONVERSION = YES;
				CLANG_WARN_CONSTANT_CONVERSION = YES;
				CLANG_WARN_DIRECT_OBJC_ISA_USAGE = YES_ERROR;
				CLANG_WARN_EMPTY_BODY = YES;
				CLANG_WARN_ENUM_CONVERSION = YES;
				CLANG_WARN_INT_CONVERSION = YES;
				CLANG_WARN_OBJC_ROOT_CLASS = YES_ERROR;
				CLANG_WARN_UNREACHABLE_CODE = YES;
				CLANG_WARN__DUPLICATE_METHOD_MATCH = YES;
				"CODE_SIGN_IDENTITY[sdk=iphoneos*]" = "iPhone Developer";
				COPY_PHASE_STRIP = NO;
				DEBUG_INFORMATION_FORMAT = dwarf;
				ENABLE_STRICT_OBJC_MSGSEND = YES;
				ENABLE_TESTABILITY = YES;
				GCC_C_LANGUAGE_STANDARD = gnu99;
				GCC_DYNAMIC_NO_PIC = NO;
				GCC_NO_COMMON_BLOCKS = YES;
				GCC_OPTIMIZATION_LEVEL = 0;
				GCC_PREPROCESSOR_DEFINITIONS = (
					"DEBUG=1",
					"$(inherited)",
				);
				GCC_WARN_64_TO_32_BIT_CONVERSION = YES;
				GCC_WARN_ABOUT_RETURN_TYPE = YES_ERROR;
				GCC_WARN_UNDECLARED_SELECTOR = YES;
				GCC_WARN_UNINITIALIZED_AUTOS = YES_AGGRESSIVE;
				GCC_WARN_UNUSED_FUNCTION = YES;
				GCC_WARN_UNUSED_VARIABLE = YES;
				IPHONEOS_DEPLOYMENT_TARGET = 9.3;
				MTL_ENABLE_DEBUG_INFO = YES;
				ONLY_ACTIVE_ARCH = YES;
				SDKROOT = iphoneos;
				TARGETED_DEVICE_FAMILY = "1,2";
			};
			name = Debug;
		};
		25D599901CB902BD007D9A7E /* Release */ = {
			isa = XCBuildConfiguration;
			buildSettings = {
				ALWAYS_SEARCH_USER_PATHS = NO;
				CLANG_ANALYZER_NONNULL = YES;
				CLANG_CXX_LANGUAGE_STANDARD = "gnu++0x";
				CLANG_CXX_LIBRARY = "libc++";
				CLANG_ENABLE_MODULES = YES;
				CLANG_ENABLE_OBJC_ARC = YES;
				CLANG_WARN_BOOL_CONVERSION = YES;
				CLANG_WARN_CONSTANT_CONVERSION = YES;
				CLANG_WARN_DIRECT_OBJC_ISA_USAGE = YES_ERROR;
				CLANG_WARN_EMPTY_BODY = YES;
				CLANG_WARN_ENUM_CONVERSION = YES;
				CLANG_WARN_INT_CONVERSION = YES;
				CLANG_WARN_OBJC_ROOT_CLASS = YES_ERROR;
				CLANG_WARN_UNREACHABLE_CODE = YES;
				CLANG_WARN__DUPLICATE_METHOD_MATCH = YES;
				"CODE_SIGN_IDENTITY[sdk=iphoneos*]" = "iPhone Developer";
				COPY_PHASE_STRIP = NO;
				DEBUG_INFORMATION_FORMAT = "dwarf-with-dsym";
				ENABLE_NS_ASSERTIONS = NO;
				ENABLE_STRICT_OBJC_MSGSEND = YES;
				GCC_C_LANGUAGE_STANDARD = gnu99;
				GCC_NO_COMMON_BLOCKS = YES;
				GCC_WARN_64_TO_32_BIT_CONVERSION = YES;
				GCC_WARN_ABOUT_RETURN_TYPE = YES_ERROR;
				GCC_WARN_UNDECLARED_SELECTOR = YES;
				GCC_WARN_UNINITIALIZED_AUTOS = YES_AGGRESSIVE;
				GCC_WARN_UNUSED_FUNCTION = YES;
				GCC_WARN_UNUSED_VARIABLE = YES;
				IPHONEOS_DEPLOYMENT_TARGET = 9.3;
				MTL_ENABLE_DEBUG_INFO = NO;
				SDKROOT = iphoneos;
				TARGETED_DEVICE_FAMILY = "1,2";
				VALIDATE_PRODUCT = YES;
			};
			name = Release;
		};
		25D599921CB902BD007D9A7E /* Debug */ = {
			isa = XCBuildConfiguration;
			buildSettings = {
				ASSETCATALOG_COMPILER_APPICON_NAME = AppIcon;
				CODE_SIGN_IDENTITY = "iPhone Developer";
				"CODE_SIGN_IDENTITY[sdk=iphoneos*]" = "iPhone Developer";
				INFOPLIST_FILE = Metal_ScreenFillingTest/Info.plist;
				LD_RUNPATH_SEARCH_PATHS = "$(inherited) @executable_path/Frameworks";
				PRODUCT_BUNDLE_IDENTIFIER = "ran.Metal-ScreenFillingTest";
				PRODUCT_NAME = "$(TARGET_NAME)";
				PROVISIONING_PROFILE = "";
				TARGETED_DEVICE_FAMILY = "1,2";
			};
			name = Debug;
		};
		25D599931CB902BD007D9A7E /* Release */ = {
			isa = XCBuildConfiguration;
			buildSettings = {
				ASSETCATALOG_COMPILER_APPICON_NAME = AppIcon;
				CODE_SIGN_IDENTITY = "iPhone Developer";
				"CODE_SIGN_IDENTITY[sdk=iphoneos*]" = "iPhone Developer";
				INFOPLIST_FILE = Metal_ScreenFillingTest/Info.plist;
				LD_RUNPATH_SEARCH_PATHS = "$(inherited) @executable_path/Frameworks";
				PRODUCT_BUNDLE_IDENTIFIER = "ran.Metal-ScreenFillingTest";
				PRODUCT_NAME = "$(TARGET_NAME)";
				PROVISIONING_PROFILE = "";
				TARGETED_DEVICE_FAMILY = "1,2";
			};
			name = Release;
		};
/* End XCBuildConfiguration section */

/* Begin XCConfigurationList section */
		25D599751CB902BD007D9A7E /* Build configuration list for PBXProject "Metal_ScreenFillingTest" */ = {
			isa = XCConfigurationList;
			buildConfigurations = (
				25D5998F1CB902BD007D9A7E /* Debug */,
				25D599901CB902BD007D9A7E /* Release */,
			);
			defaultConfigurationIsVisible = 0;
			defaultConfigurationName = Release;
		};
		25D599911CB902BD007D9A7E /* Build configuration list for PBXNativeTarget "Metal_ScreenFillingTest" */ = {
			isa = XCConfigurationList;
			buildConfigurations = (
				25D599921CB902BD007D9A7E /* Debug */,
				25D599931CB902BD007D9A7E /* Release */,
			);
			defaultConfigurationIsVisible = 0;
			defaultConfigurationName = Release;
		};
/* End XCConfigurationList section */
	};
	rootObject = 25D599721CB902BD007D9A7E /* Project object */;
}
